gopkg.in/check.v1 v0.0.0-20161208181325-20d25e280405/go.mod h1:Co6ibVJAznAaIkqp8huTwlJQCZ016jof/cbN4VW5Yz0=
gopkg.in/ffmt.v1 v1.5.3 h1:9NLWN+cYpUSSIHT0fw4meS3hHILMNRRfJeseTEWlps8=
gopkg.in/ffmt.v1 v1.5.3/go.mod h1:LssvGOZFiBGoBcobkTqnyh+uN1VzIRoibW+c0JI/Ha4=
gopkg.in/yaml.v2 v2.2.5 h1:ymVxjfMaHvXD8RqPRmzHHsB3VvucivSkIAvJFDI5O3c=
gopkg.in/yaml.v2 v2.2.5/go.mod h1:hI93XBmqTisBFMUTm0b8Fm+jr3Dg1NNxqwp+5A1VGuI=
